
Microsoft Visual Studio Solution File, Format Version 12.00
# Visual Studio 2013
VisualStudioVersion = 12.0.30324.0
MinimumVisualStudioVersion = 10.0.40219.1
Project("{F184B08F-C81C-45F6-A57F-5ABD9991F28F}") = "WebApplication4", "WebApplication4\WebApplication4.vbproj", "{06E6826E-A51B-44C7-8E13-CE594AF5186C}"
EndProject
Global
	GlobalSection(SolutionConfigurationPlatforms) = preSolution
		Debug|Any CPU = Debug|Any CPU
		Release|Any CPU = Release|Any CPU
	EndGlobalSection
	GlobalSection(ProjectConfigurationPlatforms) = postSolution
		{06E6826E-A51B-44C7-8E13-CE594AF5186C}.Debug|Any CPU.ActiveCfg = Debug|Any CPU
		{06E6826E-A51B-44C7-8E13-CE594AF5186C}.Debug|Any CPU.Build.0 = Debug|Any CPU
		{06E6826E-A51B-44C7-8E13-CE594AF5186C}.Release|Any CPU.ActiveCfg = Release|Any CPU
		{06E6826E-A51B-44C7-8E13-CE594AF5186C}.Release|Any CPU.Build.0 = Release|Any CPU
	EndGlobalSection
	GlobalSection(SolutionProperties) = preSolution
		HideSolutionNode = FALSE
	EndGlobalSection
EndGlobal
